
Microsoft Visual Studio Solution File, Format Version 12.00
Project("{FAE04EC0-301F-11D3-BF4B-00C04F79EFBC}") = "SDWFE", "SDWFE\SDWFE.csproj", "{913F684B-8163-4CBF-A006-92C9C53A16EC}"
EndProject
Project("{FAE04EC0-301F-11D3-BF4B-00C04F79EFBC}") = "Engine", "Engine\Engine.csproj", "{AE81C875-7EF7-4A18-A898-114E7C3F962C}"
EndProject
Global
	GlobalSection(SolutionConfigurationPlatforms) = preSolution
		Debug|Any CPU = Debug|Any CPU
		Release|Any CPU = Release|Any CPU
	EndGlobalSection
	GlobalSection(ProjectConfigurationPlatforms) = postSolution
		{913F684B-8163-4CBF-A006-92C9C53A16EC}.Debug|Any CPU.ActiveCfg = Debug|Any CPU
		{913F684B-8163-4CBF-A006-92C9C53A16EC}.Debug|Any CPU.Build.0 = Debug|Any CPU
		{913F684B-8163-4CBF-A006-92C9C53A16EC}.Release|Any CPU.ActiveCfg = Release|Any CPU
		{913F684B-8163-4CBF-A006-92C9C53A16EC}.Release|Any CPU.Build.0 = Release|Any CPU
		{AE81C875-7EF7-4A18-A898-114E7C3F962C}.Debug|Any CPU.ActiveCfg = Debug|Any CPU
		{AE81C875-7EF7-4A18-A898-114E7C3F962C}.Debug|Any CPU.Build.0 = Debug|Any CPU
		{AE81C875-7EF7-4A18-A898-114E7C3F962C}.Release|Any CPU.ActiveCfg = Release|Any CPU
		{AE81C875-7EF7-4A18-A898-114E7C3F962C}.Release|Any CPU.Build.0 = Release|Any CPU
	EndGlobalSection
EndGlobal
